
Microsoft Visual Studio Solution File, Format Version 12.00
# Visual Studio Version 16
VisualStudioVersion = 16.0.30413.136
MinimumVisualStudioVersion = 10.0.40219.1
Project("{FAE04EC0-301F-11D3-BF4B-00C04F79EFBC}") = "GUI_QLBangHang", "GUI_QLBangHang.csproj", "{A2707A5C-3F75-4136-A7A2-8F129A860923}"
EndProject
Project("{FAE04EC0-301F-11D3-BF4B-00C04F79EFBC}") = "DAL", "..\DAL\DAL.csproj", "{48D8748E-AFC6-45B4-9126-05902915ADE4}"
EndProject
Project("{FAE04EC0-301F-11D3-BF4B-00C04F79EFBC}") = "DTO", "..\DTO\DTO.csproj", "{659112ED-CCE1-4F41-9B08-EAA2DF13C9D4}"
EndProject
Project("{FAE04EC0-301F-11D3-BF4B-00C04F79EFBC}") = "BUS", "..\BUS\BUS.csproj", "{A2BA0A4F-9A58-4A01-9643-CE4DB56EA9FA}"
EndProject
Global
	GlobalSection(SolutionConfigurationPlatforms) = preSolution
		Debug|Any CPU = Debug|Any CPU
		Release|Any CPU = Release|Any CPU
	EndGlobalSection
	GlobalSection(ProjectConfigurationPlatforms) = postSolution
		{A2707A5C-3F75-4136-A7A2-8F129A860923}.Debug|Any CPU.ActiveCfg = Debug|Any CPU
		{A2707A5C-3F75-4136-A7A2-8F129A860923}.Debug|Any CPU.Build.0 = Debug|Any CPU
		{A2707A5C-3F75-4136-A7A2-8F129A860923}.Release|Any CPU.ActiveCfg = Release|Any CPU
		{A2707A5C-3F75-4136-A7A2-8F129A860923}.Release|Any CPU.Build.0 = Release|Any CPU
		{48D8748E-AFC6-45B4-9126-05902915ADE4}.Debug|Any CPU.ActiveCfg = Debug|Any CPU
		{48D8748E-AFC6-45B4-9126-05902915ADE4}.Debug|Any CPU.Build.0 = Debug|Any CPU
		{48D8748E-AFC6-45B4-9126-05902915ADE4}.Release|Any CPU.ActiveCfg = Release|Any CPU
		{48D8748E-AFC6-45B4-9126-05902915ADE4}.Release|Any CPU.Build.0 = Release|Any CPU
		{659112ED-CCE1-4F41-9B08-EAA2DF13C9D4}.Debug|Any CPU.ActiveCfg = Debug|Any CPU
		{659112ED-CCE1-4F41-9B08-EAA2DF13C9D4}.Debug|Any CPU.Build.0 = Debug|Any CPU
		{659112ED-CCE1-4F41-9B08-EAA2DF13C9D4}.Release|Any CPU.ActiveCfg = Release|Any CPU
		{659112ED-CCE1-4F41-9B08-EAA2DF13C9D4}.Release|Any CPU.Build.0 = Release|Any CPU
		{A2BA0A4F-9A58-4A01-9643-CE4DB56EA9FA}.Debug|Any CPU.ActiveCfg = Debug|Any CPU
		{A2BA0A4F-9A58-4A01-9643-CE4DB56EA9FA}.Debug|Any CPU.Build.0 = Debug|Any CPU
		{A2BA0A4F-9A58-4A01-9643-CE4DB56EA9FA}.Release|Any CPU.ActiveCfg = Release|Any CPU
		{A2BA0A4F-9A58-4A01-9643-CE4DB56EA9FA}.Release|Any CPU.Build.0 = Release|Any CPU
	EndGlobalSection
	GlobalSection(SolutionProperties) = preSolution
		HideSolutionNode = FALSE
	EndGlobalSection
	GlobalSection(ExtensibilityGlobals) = postSolution
		SolutionGuid = {E976752C-1999-43BF-855B-029EF7774773}
	EndGlobalSection
EndGlobal
